
Microsoft Visual Studio Solution File, Format Version 12.00
# Visual Studio 14
VisualStudioVersion = 14.0.24720.0
MinimumVisualStudioVersion = 10.0.40219.1
Project("{8BC9CEB8-8B4A-11D0-8D11-00A0C91BC942}") = "ProjectCelestial", "ProjectCelestial.vcxproj", "{73A00D04-2F56-4EE9-8F39-41AA90C75B6E}"
EndProject
Project("{2150E333-8FDC-42A3-9474-1A3956D46DE8}") = "Solution Items", "Solution Items", "{D01BFE3C-98A0-4819-A8C1-8B02A8F64AC1}"
	ProjectSection(SolutionItems) = preProject
		Performance1.psess = Performance1.psess
	EndProjectSection
EndProject
Project("{FAE04EC0-301F-11D3-BF4B-00C04F79EFBC}") = "CelestialFileConverter", "..\CelestialFileConverter\CelestialFileConverter.csproj", "{736FE1DF-0D36-4744-B30C-7847D7256B14}"
EndProject
Global
	GlobalSection(Performance) = preSolution
		HasPerformanceSessions = true
	EndGlobalSection
	GlobalSection(SolutionConfigurationPlatforms) = preSolution
		Debug|Any CPU = Debug|Any CPU
		Debug|Mixed Platforms = Debug|Mixed Platforms
		Debug|Win32 = Debug|Win32
		Debug|x64 = Debug|x64
		Release|Any CPU = Release|Any CPU
		Release|Mixed Platforms = Release|Mixed Platforms
		Release|Win32 = Release|Win32
		Release|x64 = Release|x64
	EndGlobalSection
	GlobalSection(ProjectConfigurationPlatforms) = postSolution
		{73A00D04-2F56-4EE9-8F39-41AA90C75B6E}.Debug|Any CPU.ActiveCfg = Debug|Win32
		{73A00D04-2F56-4EE9-8F39-41AA90C75B6E}.Debug|Mixed Platforms.ActiveCfg = Debug|Win32
		{73A00D04-2F56-4EE9-8F39-41AA90C75B6E}.Debug|Mixed Platforms.Build.0 = Debug|Win32
		{73A00D04-2F56-4EE9-8F39-41AA90C75B6E}.Debug|Win32.ActiveCfg = Debug|Win32
		{73A00D04-2F56-4EE9-8F39-41AA90C75B6E}.Debug|Win32.Build.0 = Debug|Win32
		{73A00D04-2F56-4EE9-8F39-41AA90C75B6E}.Debug|x64.ActiveCfg = Debug|x64
		{73A00D04-2F56-4EE9-8F39-41AA90C75B6E}.Debug|x64.Build.0 = Debug|x64
		{73A00D04-2F56-4EE9-8F39-41AA90C75B6E}.Release|Any CPU.ActiveCfg = Release|Win32
		{73A00D04-2F56-4EE9-8F39-41AA90C75B6E}.Release|Mixed Platforms.ActiveCfg = Release|Win32
		{73A00D04-2F56-4EE9-8F39-41AA90C75B6E}.Release|Mixed Platforms.Build.0 = Release|Win32
		{73A00D04-2F56-4EE9-8F39-41AA90C75B6E}.Release|Win32.ActiveCfg = Release|Win32
		{73A00D04-2F56-4EE9-8F39-41AA90C75B6E}.Release|Win32.Build.0 = Release|Win32
		{73A00D04-2F56-4EE9-8F39-41AA90C75B6E}.Release|x64.ActiveCfg = Release|x64
		{73A00D04-2F56-4EE9-8F39-41AA90C75B6E}.Release|x64.Build.0 = Release|x64
		{736FE1DF-0D36-4744-B30C-7847D7256B14}.Debug|Any CPU.ActiveCfg = Debug|Any CPU
		{736FE1DF-0D36-4744-B30C-7847D7256B14}.Debug|Any CPU.Build.0 = Debug|Any CPU
		{736FE1DF-0D36-4744-B30C-7847D7256B14}.Debug|Mixed Platforms.ActiveCfg = Debug|Any CPU
		{736FE1DF-0D36-4744-B30C-7847D7256B14}.Debug|Mixed Platforms.Build.0 = Debug|Any CPU
		{736FE1DF-0D36-4744-B30C-7847D7256B14}.Debug|Win32.ActiveCfg = Debug|Any CPU
		{736FE1DF-0D36-4744-B30C-7847D7256B14}.Debug|Win32.Build.0 = Debug|Any CPU
		{736FE1DF-0D36-4744-B30C-7847D7256B14}.Debug|x64.ActiveCfg = Debug|Any CPU
		{736FE1DF-0D36-4744-B30C-7847D7256B14}.Debug|x64.Build.0 = Debug|Any CPU
		{736FE1DF-0D36-4744-B30C-7847D7256B14}.Release|Any CPU.ActiveCfg = Release|Any CPU
		{736FE1DF-0D36-4744-B30C-7847D7256B14}.Release|Any CPU.Build.0 = Release|Any CPU
		{736FE1DF-0D36-4744-B30C-7847D7256B14}.Release|Mixed Platforms.ActiveCfg = Release|Any CPU
		{736FE1DF-0D36-4744-B30C-7847D7256B14}.Release|Mixed Platforms.Build.0 = Release|Any CPU
		{736FE1DF-0D36-4744-B30C-7847D7256B14}.Release|Win32.ActiveCfg = Release|Any CPU
		{736FE1DF-0D36-4744-B30C-7847D7256B14}.Release|Win32.Build.0 = Release|Any CPU
		{736FE1DF-0D36-4744-B30C-7847D7256B14}.Release|x64.ActiveCfg = Release|Any CPU
		{736FE1DF-0D36-4744-B30C-7847D7256B14}.Release|x64.Build.0 = Release|Any CPU
	EndGlobalSection
	GlobalSection(SolutionProperties) = preSolution
		HideSolutionNode = FALSE
	EndGlobalSection
EndGlobal
