<?xml version="1.0" encoding="utf-8"?>
<Project ToolsVersion="4.0" xmlns="http://schemas.microsoft.com/developer/msbuild/2003">
  <ItemGroup>
    <Filter Include="Source Files">
      <UniqueIdentifier>{4FC737F1-C7A5-4376-A066-2A32D752A2FF}</UniqueIdentifier>
      <Extensions>cpp;c;cc;cxx;def;odl;idl;hpj;bat;asm;asmx</Extensions>
    </Filter>
    <Filter Include="Header Files">
      <UniqueIdentifier>{93995380-89BD-4b04-88EB-625FBE52EBFB}</UniqueIdentifier>
      <Extensions>h;hpp;hxx;hm;inl;inc;xsd</Extensions>
    </Filter>
    <Filter Include="Resource Files">
      <UniqueIdentifier>{67DA6AB6-F800-4c08-8B7A-83BB121AAD01}</UniqueIdentifier>
      <Extensions>rc;ico;cur;bmp;dlg;rc2;rct;bin;rgs;gif;jpg;jpeg;jpe;resx;tiff;tif;png;wav;mfcribbon-ms</Extensions>
    </Filter>
    <Filter Include="Source Files\CrossHandler-Tools">
      <UniqueIdentifier>{8a47944a-1ee9-47c8-97be-896c32710517}</UniqueIdentifier>
    </Filter>
    <Filter Include="Source Files\CrossHandler-Tools\Camera">
      <UniqueIdentifier>{f874eeed-eb72-4e8f-91ed-f7f35ef8d7dc}</UniqueIdentifier>
    </Filter>
    <Filter Include="Source Files\Graphics">
      <UniqueIdentifier>{57dac8e7-6c01-428a-8f7d-1bfd99005b2c}</UniqueIdentifier>
    </Filter>
    <Filter Include="Source Files\Graphics\Lights">
      <UniqueIdentifier>{77f76001-1dc9-479a-b62b-4ac26eeed307}</UniqueIdentifier>
    </Filter>
    <Filter Include="Source Files\Input">
      <UniqueIdentifier>{5a5dc74b-fa3d-4eec-a4f2-a4b7d2283952}</UniqueIdentifier>
    </Filter>
    <Filter Include="Source Files\Resources">
      <UniqueIdentifier>{d0e6cb2c-c730-4684-b604-3ca23712e1c1}</UniqueIdentifier>
    </Filter>
    <Filter Include="Header Files\CrossHandler-Tools">
      <UniqueIdentifier>{afbbf2a3-b6d6-46c7-bae3-2503d0c5fc17}</UniqueIdentifier>
    </Filter>
    <Filter Include="Header Files\CrossHandler-Tools\Camera">
      <UniqueIdentifier>{f6de2db4-eb48-4ef7-bd82-9bfeb0723094}</UniqueIdentifier>
    </Filter>
    <Filter Include="Header Files\Graphics">
      <UniqueIdentifier>{fc76ab0f-90f5-4546-8c65-bd45dd9e1fff}</UniqueIdentifier>
    </Filter>
    <Filter Include="Header Files\Graphics\Lights">
      <UniqueIdentifier>{c46d40f3-1de5-4375-a0f3-5be1c9aec591}</UniqueIdentifier>
    </Filter>
    <Filter Include="Header Files\Input">
      <UniqueIdentifier>{1b1ba377-e804-4650-9648-ada507368aeb}</UniqueIdentifier>
    </Filter>
    <Filter Include="Header Files\Resources">
      <UniqueIdentifier>{da826885-b34e-4add-a03e-563bbeae994f}</UniqueIdentifier>
    </Filter>
    <Filter Include="Header Files\Graphics\Shaders">
      <UniqueIdentifier>{0426055f-cad9-4bb8-bb1d-acdd89654d4b}</UniqueIdentifier>
    </Filter>
    <Filter Include="Header Files\Graphics\Buffer">
      <UniqueIdentifier>{6aa1df59-434d-4dd2-95bb-eb9034927ad5}</UniqueIdentifier>
    </Filter>
    <Filter Include="Source Files\Graphics\Buffers">
      <UniqueIdentifier>{2ee634ff-ffd5-42d9-a8f9-39484aa99495}</UniqueIdentifier>
    </Filter>
    <Filter Include="Source Files\Graphics\Shaders">
      <UniqueIdentifier>{61d05535-dd36-4672-a0ab-912a444af8c5}</UniqueIdentifier>
    </Filter>
    <Filter Include="Header Files\CrossHandler-Tools\Bounding">
      <UniqueIdentifier>{1c7d1578-2898-429b-9cb0-b6637999bdfc}</UniqueIdentifier>
    </Filter>
    <Filter Include="Header Files\CrossHandler-Tools\Bounding\Shapes">
      <UniqueIdentifier>{7f154a1f-0d25-47a4-bb4f-84445911431a}</UniqueIdentifier>
    </Filter>
    <Filter Include="Source Files\CrossHandler-Tools\Bounding">
      <UniqueIdentifier>{cd0d940a-a879-458f-9e74-1c707642a60e}</UniqueIdentifier>
    </Filter>
    <Filter Include="Source Files\CrossHandler-Tools\Bounding\Shapes">
      <UniqueIdentifier>{60e75b11-59cc-45e8-affc-7b95c261f3df}</UniqueIdentifier>
    </Filter>
    <Filter Include="Header Files\CrossHandler-Tools\Buffer">
      <UniqueIdentifier>{3c42079f-bf86-4971-a6d4-a628fc7a78f6}</UniqueIdentifier>
    </Filter>
    <Filter Include="Source Files\CrossHandler-Tools\Buffers">
      <UniqueIdentifier>{e7f7a322-a75f-420c-8c80-f2f3e3b26051}</UniqueIdentifier>
    </Filter>
    <Filter Include="Header Files\Graphics\CardHandler">
      <UniqueIdentifier>{28d577fd-a571-4069-a5d5-26c49762aeff}</UniqueIdentifier>
    </Filter>
    <Filter Include="Header Files\Graphics\GraphicHandler">
      <UniqueIdentifier>{184470ba-2aa3-4be5-8346-1e1b203b4c32}</UniqueIdentifier>
    </Filter>
    <Filter Include="Source Files\Debug">
      <UniqueIdentifier>{63281035-955b-40ca-8cbf-34029a9fd83a}</UniqueIdentifier>
    </Filter>
    <Filter Include="Header Files\CrossHandler-Tools\Texture">
      <UniqueIdentifier>{7ddda864-ca64-48f8-b5c9-e7377d9ca96e}</UniqueIdentifier>
    </Filter>
    <Filter Include="Header Files\CrossHandler-Tools\Texture\DX">
      <UniqueIdentifier>{9cfd661d-d698-494b-9087-7fad552c9734}</UniqueIdentifier>
    </Filter>
    <Filter Include="Source Files\CrossHandler-Tools\Texture">
      <UniqueIdentifier>{ae8a27ad-5ecc-41b8-ade4-d19a94c6b9b7}</UniqueIdentifier>
    </Filter>
    <Filter Include="Header Files\CelestialMath">
      <UniqueIdentifier>{706e7ce1-c7cc-49ec-ae3e-2ac900a6de60}</UniqueIdentifier>
    </Filter>
    <Filter Include="Source Files\CelestialMath">
      <UniqueIdentifier>{d0005744-3a9e-4afa-8151-190acfe55f0d}</UniqueIdentifier>
    </Filter>
    <Filter Include="Header Files\CrossHandler-Tools\ResourceObject">
      <UniqueIdentifier>{f7dfe122-3f98-415f-9224-fcc4a7d472b6}</UniqueIdentifier>
    </Filter>
    <Filter Include="Source Files\CrossHandler-Tools\ResourceObjects">
      <UniqueIdentifier>{3f0d7cd5-92fa-428b-b5b0-c0651408a082}</UniqueIdentifier>
    </Filter>
    <Filter Include="Source Files\Resources\Terrain">
      <UniqueIdentifier>{36beecd5-37f5-4e03-b5ba-ba73cfce084c}</UniqueIdentifier>
    </Filter>
    <Filter Include="Header Files\Resources\Objects">
      <UniqueIdentifier>{5ccc2771-e066-459a-84ab-e0a0df858b94}</UniqueIdentifier>
    </Filter>
    <Filter Include="Header Files\Resources\Objects\MeshObjects">
      <UniqueIdentifier>{98e4ebed-1943-4715-b5ee-e1293c161d19}</UniqueIdentifier>
    </Filter>
    <Filter Include="Header Files\Resources\Objects\Particles">
      <UniqueIdentifier>{c30fbaaf-e319-4505-8d48-0120f1e5c305}</UniqueIdentifier>
    </Filter>
    <Filter Include="Header Files\Resources\Objects\Lights">
      <UniqueIdentifier>{d57819fc-f854-4669-b098-93ae2467b5a1}</UniqueIdentifier>
    </Filter>
    <Filter Include="Header Files\Resources\Objects\Container">
      <UniqueIdentifier>{4e3290da-1420-4878-b15d-e26f025cc5e0}</UniqueIdentifier>
    </Filter>
    <Filter Include="Header Files\Resources\Loaders">
      <UniqueIdentifier>{e28254d5-31e9-4542-b6f2-d0634dba1b3c}</UniqueIdentifier>
    </Filter>
    <Filter Include="Header Files\Resources\Loaders\ShapeLoaders">
      <UniqueIdentifier>{6c1b0d61-84e5-43c1-b9bb-a70396724ba4}</UniqueIdentifier>
    </Filter>
    <Filter Include="Header Files\Resources\Loaders\TerrainObjects">
      <UniqueIdentifier>{20511f42-bfb2-4bd8-b3f7-9e18222cd839}</UniqueIdentifier>
    </Filter>
    <Filter Include="Header Files\Resources\Loaders\FileLoaders">
      <UniqueIdentifier>{2e68cdc3-5398-4ae7-9f48-938eea44ffbf}</UniqueIdentifier>
    </Filter>
    <Filter Include="Header Files\Resources\Loaders\FileLoaders\Interfaces">
      <UniqueIdentifier>{066c7e07-f5a3-42dd-aed6-7d330d02558f}</UniqueIdentifier>
    </Filter>
    <Filter Include="Source Files\Resources\Loaders">
      <UniqueIdentifier>{d75514b7-fc61-4f6d-85bc-34e546701590}</UniqueIdentifier>
    </Filter>
    <Filter Include="Source Files\Resources\Loaders\FileLoaders">
      <UniqueIdentifier>{2142a032-f8f8-487a-9fa2-a9970f05cd7c}</UniqueIdentifier>
    </Filter>
    <Filter Include="Source Files\Resources\Loaders\ShapeLoaders">
      <UniqueIdentifier>{ca1a8645-fa80-40d3-94ed-e268bd01de28}</UniqueIdentifier>
    </Filter>
    <Filter Include="Source Files\Resources\Objects">
      <UniqueIdentifier>{0aac1829-8ca3-4e85-9983-2fc4c81034e8}</UniqueIdentifier>
    </Filter>
    <Filter Include="Source Files\Resources\Objects\Lights">
      <UniqueIdentifier>{20afe5c6-617e-4ccb-8762-50214956f2c5}</UniqueIdentifier>
    </Filter>
    <Filter Include="Source Files\Resources\Objects\MeshObject">
      <UniqueIdentifier>{3ab2515b-6774-4fac-8eb2-380ff4be7bb2}</UniqueIdentifier>
    </Filter>
    <Filter Include="Source Files\Resources\Objects\Container">
      <UniqueIdentifier>{23600baf-f423-4d2a-9383-2115a5076a1d}</UniqueIdentifier>
    </Filter>
    <Filter Include="Source Files\Resources\Objects\Particle">
      <UniqueIdentifier>{8a9a86a5-4e63-4896-bc63-fd674e5360cb}</UniqueIdentifier>
    </Filter>
    <Filter Include="Header Files\Logic">
      <UniqueIdentifier>{32ccbd22-0426-4e70-bace-0129ff21b272}</UniqueIdentifier>
    </Filter>
    <Filter Include="Source Files\Logic">
      <UniqueIdentifier>{f554758a-abd9-4a77-b777-b0e40dc9a119}</UniqueIdentifier>
    </Filter>
    <Filter Include="Header Files\Resources\Objects\GUIObjects">
      <UniqueIdentifier>{c7fffdaa-c8c2-4d6f-978f-90d2ba5d2f82}</UniqueIdentifier>
    </Filter>
    <Filter Include="Source Files\Resources\Objects\GUIObjects">
      <UniqueIdentifier>{65a4b417-10e7-4950-a5b8-596c607c859e}</UniqueIdentifier>
    </Filter>
    <Filter Include="Header Files\Resources\Loaders\UILoaders">
      <UniqueIdentifier>{3415d1ae-d985-46ef-a34a-b74f424be789}</UniqueIdentifier>
    </Filter>
    <Filter Include="Source Files\Resources\Loaders\UILoaders">
      <UniqueIdentifier>{2fcc1fc7-8061-4fcf-b79f-3de208b3f203}</UniqueIdentifier>
    </Filter>
    <Filter Include="Header Files\CrossHandler-Tools\Container">
      <UniqueIdentifier>{f30b496d-dc19-4b9d-b37b-1508a9aa88c2}</UniqueIdentifier>
    </Filter>
    <Filter Include="Header Files\Graphics\2D">
      <UniqueIdentifier>{4c472a65-5a05-4ed8-8b53-f9bd68f7c59e}</UniqueIdentifier>
    </Filter>
    <Filter Include="Header Files\Logic\CelScript">
      <UniqueIdentifier>{9fe87e9e-9f72-4e01-8027-a6d699a6462b}</UniqueIdentifier>
    </Filter>
    <Filter Include="Source Files\Logic\CelScript">
      <UniqueIdentifier>{cd8ef1da-b8c4-4402-9c6d-2702cab41db4}</UniqueIdentifier>
    </Filter>
    <Filter Include="Header Files\Logic\CelScript\RunTime">
      <UniqueIdentifier>{35fc9e05-7069-4e31-9d11-00cc71ad2ec9}</UniqueIdentifier>
    </Filter>
    <Filter Include="Source Files\Logic\CelScript\CelScriptRuntime">
      <UniqueIdentifier>{585d9fd2-975d-4a3e-a20e-fefaa96385f8}</UniqueIdentifier>
    </Filter>
    <Filter Include="Header Files\CrossHandler-Tools\Messaging">
      <UniqueIdentifier>{e2ad730c-c1a0-408b-a0ba-f9b253702d0a}</UniqueIdentifier>
    </Filter>
    <Filter Include="Source Files\CrossHandler-Tools\Messaging">
      <UniqueIdentifier>{56f1a52e-873c-444d-b994-d77f465b276a}</UniqueIdentifier>
    </Filter>
    <Filter Include="Header Files\Entities">
      <UniqueIdentifier>{ee8f80d3-2444-450a-ae4c-f7c4d0d187a7}</UniqueIdentifier>
    </Filter>
    <Filter Include="Source Files\Entities">
      <UniqueIdentifier>{0d124674-3ed6-4ff9-b09a-c11ffa4a04ff}</UniqueIdentifier>
    </Filter>
    <Filter Include="Header Files\Resources\Objects\Triggers">
      <UniqueIdentifier>{02d05bac-168a-4eac-b74b-bd19a4c8e2b3}</UniqueIdentifier>
    </Filter>
    <Filter Include="Header Files\Entities\Handlers">
      <UniqueIdentifier>{c6d68e5f-2f4d-4a03-b92a-83e5722705c2}</UniqueIdentifier>
    </Filter>
    <Filter Include="Header Files\Entities\Objects">
      <UniqueIdentifier>{55365cbb-48a6-4750-8a5e-b663ad9e2eb0}</UniqueIdentifier>
    </Filter>
    <Filter Include="Source Files\Entities\Objects">
      <UniqueIdentifier>{09077c9c-c7f2-41ab-bd4d-b403dcd152d1}</UniqueIdentifier>
    </Filter>
    <Filter Include="Source Files\CrossHandler-Tools\Container">
      <UniqueIdentifier>{612bcde4-7dbd-4e11-9667-8f3778a662b6}</UniqueIdentifier>
    </Filter>
    <Filter Include="Source Files\Entities\Handlers">
      <UniqueIdentifier>{2fd99628-013b-4609-b285-fccb4611fce0}</UniqueIdentifier>
    </Filter>
    <Filter Include="Source Files\Graphics\2D">
      <UniqueIdentifier>{5eb61203-de7e-4e9a-aaa1-70c45a259c6b}</UniqueIdentifier>
    </Filter>
    <Filter Include="Header Files\CrossHandler-Tools\Image">
      <UniqueIdentifier>{3e69226d-90d9-427d-b9c3-16efc7a74c95}</UniqueIdentifier>
    </Filter>
    <Filter Include="Source Files\CrossHandler-Tools\Image">
      <UniqueIdentifier>{50de7c1d-2efc-436b-a4f3-1f64e1b9a025}</UniqueIdentifier>
    </Filter>
    <Filter Include="Resource Files\Content">
      <UniqueIdentifier>{6187615c-0d7a-4f62-b03a-7c0244cd7ea2}</UniqueIdentifier>
    </Filter>
    <Filter Include="Resource Files\Content\Scripts">
      <UniqueIdentifier>{e6fd3454-a07f-4758-a153-39c56974b7fd}</UniqueIdentifier>
    </Filter>
    <Filter Include="Resource Files\Content\Scripts\CameraScripts">
      <UniqueIdentifier>{6509162a-5657-4d35-9a9c-53203d12ad3c}</UniqueIdentifier>
    </Filter>
    <Filter Include="Resource Files\Content\Scripts\LoadScripts">
      <UniqueIdentifier>{1c755db6-df37-496d-a472-54f695ae5d51}</UniqueIdentifier>
    </Filter>
    <Filter Include="Resource Files\Content\Scripts\ToolBarScripts">
      <UniqueIdentifier>{10c9874e-a077-402e-8a33-ec46f840fae9}</UniqueIdentifier>
    </Filter>
    <Filter Include="Header Files\Entities\Routing">
      <UniqueIdentifier>{12b71fb5-7c2a-4948-8ece-a33961ca3e27}</UniqueIdentifier>
    </Filter>
    <Filter Include="Header Files\Resources\Objects\GameObjects">
      <UniqueIdentifier>{4e9b13aa-98f9-4026-bd67-6053cf01af54}</UniqueIdentifier>
    </Filter>
    <Filter Include="Source Files\Resources\Objects\GameObjects">
      <UniqueIdentifier>{d8e35b3a-f6dd-4f35-8431-98f257c17a0d}</UniqueIdentifier>
    </Filter>
    <Filter Include="Source Files\Entities\Routing">
      <UniqueIdentifier>{7ddf6b8a-6598-4238-a92b-b2c09cef6e5c}</UniqueIdentifier>
    </Filter>
    <Filter Include="Resource Files\Content\Scripts\ObjectScripts">
      <UniqueIdentifier>{41a9b08e-f5ab-48ea-9686-ce23428b2b6e}</UniqueIdentifier>
    </Filter>
    <Filter Include="Header Files\Resources\Objects\KubLing">
      <UniqueIdentifier>{9046fad6-eb8d-4628-bb9e-81989bf9a9f7}</UniqueIdentifier>
    </Filter>
    <Filter Include="Source Files\Resources\Objects\KubLing">
      <UniqueIdentifier>{8ecb3ecf-4b57-472b-8363-9f436edb1dca}</UniqueIdentifier>
    </Filter>
    <Filter Include="Resource Files\Content\Scripts\KeyScripts">
      <UniqueIdentifier>{81c87bfa-9ad3-4069-afb3-dd0764695f75}</UniqueIdentifier>
    </Filter>
    <Filter Include="Resource Files\Content\Scripts\HelpScripts">
      <UniqueIdentifier>{f669cc3d-50d6-4fdf-b4db-e939e0d543e1}</UniqueIdentifier>
    </Filter>
    <Filter Include="Header Files\Resources\Objects\TaskObjects">
      <UniqueIdentifier>{59edecf8-99af-46b5-8f6a-ddf2137c3841}</UniqueIdentifier>
    </Filter>
    <Filter Include="Source Files\Resources\Objects\TaskObjects">
      <UniqueIdentifier>{9543d67b-8e46-41f7-af3d-968cd4c57574}</UniqueIdentifier>
    </Filter>
    <Filter Include="Header Files\Tasking">
      <UniqueIdentifier>{acb19407-ca12-4dae-be3c-a0d511f18774}</UniqueIdentifier>
    </Filter>
    <Filter Include="Source Files\Tasking">
      <UniqueIdentifier>{be9d4f82-7fe9-4ce7-9b6d-cc3f4ce50571}</UniqueIdentifier>
    </Filter>
    <Filter Include="Header Files\Tasking\SubHandlers">
      <UniqueIdentifier>{fdd2c6a5-3238-44a5-ac0b-9080a7068b4e}</UniqueIdentifier>
    </Filter>
    <Filter Include="Source Files\Tasking\SubHandlers">
      <UniqueIdentifier>{9df3e8f1-fd4e-4923-9f1b-697f4486c28d}</UniqueIdentifier>
    </Filter>
    <Filter Include="Resource Files\Content\Scripts\TaskScripts">
      <UniqueIdentifier>{493bc72b-bba6-41d7-85e8-40afa855c562}</UniqueIdentifier>
    </Filter>
    <Filter Include="Resource Files\Content\Scripts\ToolBarScripts\GhostClicks">
      <UniqueIdentifier>{c65b3225-b07d-433d-a38f-9016009de96d}</UniqueIdentifier>
    </Filter>
    <Filter Include="Source Files\Resources\Shaders">
      <UniqueIdentifier>{9fc0012d-7d15-46bb-aa94-a66156686b95}</UniqueIdentifier>
    </Filter>
    <Filter Include="Header Files\Entities\Routing\Managers">
      <UniqueIdentifier>{efdcaffc-e1f0-4c15-bd32-9c6b161319e1}</UniqueIdentifier>
    </Filter>
    <Filter Include="Source Files\Entities\Routing\Manager">
      <UniqueIdentifier>{465ede0e-3253-4d45-b162-be8c3ee79ace}</UniqueIdentifier>
    </Filter>
  </ItemGroup>
  <ItemGroup>
    <ClInclude Include="MeshObject.h">
      <Filter>Header Files\Resources\Objects\MeshObjects</Filter>
    </ClInclude>
    <ClInclude Include="MTLFileLoader.h">
      <Filter>Header Files\Resources\Loaders\FileLoaders</Filter>
    </ClInclude>
    <ClInclude Include="targetver.h">
      <Filter>Header Files</Filter>
    </ClInclude>
    <ClInclude Include="stdafx.h">
      <Filter>Header Files</Filter>
    </ClInclude>
    <ClInclude Include="Resource.h">
      <Filter>Header Files</Filter>
    </ClInclude>
    <ClInclude Include="OBJFileLoader.h">
      <Filter>Header Files\Resources\Loaders\FileLoaders</Filter>
    </ClInclude>
    <ClInclude Include="Overlord.h">
      <Filter>Header Files\Logic</Filter>
    </ClInclude>
    <ClInclude Include="ILogicCamera.h">
      <Filter>Header Files\Logic</Filter>
    </ClInclude>
    <ClInclude Include="InputHandler.h">
      <Filter>Header Files\Input</Filter>
    </ClInclude>
    <ClInclude Include="IGraphicCamera.h">
      <Filter>Header Files\Graphics</Filter>
    </ClInclude>
    <ClInclude Include="IBounding.h">
      <Filter>Header Files\CrossHandler-Tools\Bounding</Filter>
    </ClInclude>
    <ClInclude Include="BoundingPlane.h">
      <Filter>Header Files\CrossHandler-Tools\Bounding</Filter>
    </ClInclude>
    <ClInclude Include="BoundingSphere.h">
      <Filter>Header Files\CrossHandler-Tools\Bounding\Shapes</Filter>
    </ClInclude>
    <ClInclude Include="BoundingBox.h">
      <Filter>Header Files\CrossHandler-Tools\Bounding\Shapes</Filter>
    </ClInclude>
    <ClInclude Include="IThreadSafeObject.h">
      <Filter>Header Files\CrossHandler-Tools</Filter>
    </ClInclude>
    <ClInclude Include="UnderCamera.h">
      <Filter>Header Files\CrossHandler-Tools\Camera</Filter>
    </ClInclude>
    <ClInclude Include="Camera.h">
      <Filter>Header Files\CrossHandler-Tools\Camera</Filter>
    </ClInclude>
    <ClInclude Include="IShaderHandler.h">
      <Filter>Header Files\Graphics\Shaders</Filter>
    </ClInclude>
    <ClInclude Include="CelestialShader.h">
      <Filter>Header Files\Graphics\Shaders</Filter>
    </ClInclude>
    <ClInclude Include="CelestialBufferHandler.h">
      <Filter>Header Files\Graphics\Buffer</Filter>
    </ClInclude>
    <ClInclude Include="IBufferHandler.h">
      <Filter>Header Files\Graphics\Buffer</Filter>
    </ClInclude>
    <ClInclude Include="TRNFileLoader.h">
      <Filter>Header Files\Resources\Loaders\FileLoaders</Filter>
    </ClInclude>
    <ClInclude Include="ICachableObject.h">
      <Filter>Header Files\CrossHandler-Tools</Filter>
    </ClInclude>
    <ClInclude Include="BoxedBool.h">
      <Filter>Header Files\CrossHandler-Tools</Filter>
    </ClInclude>
    <ClInclude Include="Frustum.h">
      <Filter>Header Files\CrossHandler-Tools</Filter>
    </ClInclude>
    <ClInclude Include="IShapeLoader.h">
      <Filter>Header Files\Resources\Loaders\ShapeLoaders</Filter>
    </ClInclude>
    <ClInclude Include="PlaneLoader.h">
      <Filter>Header Files\Resources\Loaders\ShapeLoaders</Filter>
    </ClInclude>
    <ClInclude Include="BufferObject.h">
      <Filter>Header Files\CrossHandler-Tools\Buffer</Filter>
    </ClInclude>
    <ClInclude Include="DXBufferObject.h">
      <Filter>Header Files\CrossHandler-Tools\Buffer</Filter>
    </ClInclude>
    <ClInclude Include="CameraFrame.h">
      <Filter>Header Files\CrossHandler-Tools\Camera</Filter>
    </ClInclude>
    <ClInclude Include="IKeyBoardHandler.h">
      <Filter>Header Files\Input</Filter>
    </ClInclude>
    <ClInclude Include="CardHandler.h">
      <Filter>Header Files\Graphics\CardHandler</Filter>
    </ClInclude>
    <ClInclude Include="ICardDebug.h">
      <Filter>Header Files\Graphics\CardHandler</Filter>
    </ClInclude>
    <ClInclude Include="GraphicHandler.h">
      <Filter>Header Files\Graphics\GraphicHandler</Filter>
    </ClInclude>
    <ClInclude Include="IGraphicDebug.h">
      <Filter>Header Files\Graphics\GraphicHandler</Filter>
    </ClInclude>
    <ClInclude Include="IPlayerDebug.h">
      <Filter>Header Files\Logic</Filter>
    </ClInclude>
    <ClInclude Include="TextureResourceObject.h">
      <Filter>Header Files\CrossHandler-Tools\Texture</Filter>
    </ClInclude>
    <ClInclude Include="DXTextureResource.h">
      <Filter>Header Files\CrossHandler-Tools\Texture\DX</Filter>
    </ClInclude>
    <ClInclude Include="IDXTexRead.h">
      <Filter>Header Files\CrossHandler-Tools\Texture\DX</Filter>
    </ClInclude>
    <ClInclude Include="IDXTexWrite.h">
      <Filter>Header Files\CrossHandler-Tools\Texture\DX</Filter>
    </ClInclude>
    <ClInclude Include="DXTextureResourceViews.h">
      <Filter>Header Files\CrossHandler-Tools\Texture\DX</Filter>
    </ClInclude>
    <ClInclude Include="ShaderContainer.h">
      <Filter>Header Files\Graphics\Shaders</Filter>
    </ClInclude>
    <ClInclude Include="IFileLoader.h">
      <Filter>Header Files\Resources\Loaders\FileLoaders\Interfaces</Filter>
    </ClInclude>
    <ClInclude Include="IFileMaterialLoader.h">
      <Filter>Header Files\Resources\Loaders\FileLoaders\Interfaces</Filter>
    </ClInclude>
    <ClInclude Include="IFileMeshLoader.h">
      <Filter>Header Files\Resources\Loaders\FileLoaders\Interfaces</Filter>
    </ClInclude>
    <ClInclude Include="IFileTerrainLoader.h">
      <Filter>Header Files\Resources\Loaders\FileLoaders\Interfaces</Filter>
    </ClInclude>
    <ClInclude Include="IMaterialLoader.h">
      <Filter>Header Files\Resources\Loaders\FileLoaders\Interfaces</Filter>
    </ClInclude>
    <ClInclude Include="CelestialVector.h">
      <Filter>Header Files\CelestialMath</Filter>
    </ClInclude>
    <ClInclude Include="CelestialMatrix.h">
      <Filter>Header Files\CelestialMath</Filter>
    </ClInclude>
    <ClInclude Include="CelestialMath.h">
      <Filter>Header Files\CelestialMath</Filter>
    </ClInclude>
    <ClInclude Include="GraphicCodes.h">
      <Filter>Header Files\Graphics</Filter>
    </ClInclude>
    <ClInclude Include="TextureHandler.h">
      <Filter>Header Files\Resources</Filter>
    </ClInclude>
    <ClInclude Include="IFileTextureLoader.h">
      <Filter>Header Files\Resources\Loaders\FileLoaders\Interfaces</Filter>
    </ClInclude>
    <ClInclude Include="ImageFileLoader.h">
      <Filter>Header Files\Resources\Loaders\FileLoaders</Filter>
    </ClInclude>
    <ClInclude Include="DrawScene.h">
      <Filter>Header Files\Graphics</Filter>
    </ClInclude>
    <ClInclude Include="LogicScene.h">
      <Filter>Header Files\Logic</Filter>
    </ClInclude>
    <ClInclude Include="IParticleEmitter.h">
      <Filter>Header Files\Resources\Objects\Particles</Filter>
    </ClInclude>
    <ClInclude Include="IParticleEmitterBufferable.h">
      <Filter>Header Files\Resources\Objects\Particles</Filter>
    </ClInclude>
    <ClInclude Include="LightParticleEmitter.h">
      <Filter>Header Files\Resources\Objects\Particles</Filter>
    </ClInclude>
    <ClInclude Include="Particle.h">
      <Filter>Header Files\Resources\Objects\Particles</Filter>
    </ClInclude>
    <ClInclude Include="ParticleEmitterInstance.h">
      <Filter>Header Files\Resources\Objects\Particles</Filter>
    </ClInclude>
    <ClInclude Include="TerrainObject.h">
      <Filter>Header Files\Resources\Loaders\TerrainObjects</Filter>
    </ClInclude>
    <ClInclude Include="TerrainMesh.h">
      <Filter>Header Files\Resources\Loaders\TerrainObjects</Filter>
    </ClInclude>
    <ClInclude Include="ILight.h">
      <Filter>Header Files\Resources\Objects\Lights</Filter>
    </ClInclude>
    <ClInclude Include="PointLight.h">
      <Filter>Header Files\Resources\Objects\Lights</Filter>
    </ClInclude>
    <ClInclude Include="IContainable.h">
      <Filter>Header Files\Resources\Objects\Container</Filter>
    </ClInclude>
    <ClInclude Include="ResourceContainer.h">
      <Filter>Header Files\Resources\Objects\Container</Filter>
    </ClInclude>
    <ClInclude Include="ColourLoader.h">
      <Filter>Header Files\Resources\Loaders</Filter>
    </ClInclude>
    <ClInclude Include="CommonParticle.h">
      <Filter>Header Files\Resources\Objects\Particles</Filter>
    </ClInclude>
    <ClInclude Include="SkyboxParticle.h">
      <Filter>Header Files\Resources\Objects\Particles</Filter>
    </ClInclude>
    <ClInclude Include="CrossHandlerHeader.h">
      <Filter>Header Files\CrossHandler-Tools</Filter>
    </ClInclude>
    <ClInclude Include="GraphicHeader.h">
      <Filter>Header Files\Graphics</Filter>
    </ClInclude>
    <ClInclude Include="ShadowMapConstants.h">
      <Filter>Header Files\Graphics\Lights</Filter>
    </ClInclude>
    <ClInclude Include="GraphicAPI.h">
      <Filter>Header Files</Filter>
    </ClInclude>
    <ClInclude Include="InputHeader.h">
      <Filter>Header Files\Input</Filter>
    </ClInclude>
    <ClInclude Include="LogicHeader.h">
      <Filter>Header Files\Logic</Filter>
    </ClInclude>
    <ClInclude Include="ResourceHeader.h">
      <Filter>Header Files\Resources</Filter>
    </ClInclude>
    <ClInclude Include="CelestialMathHeader.h">
      <Filter>Header Files\CelestialMath</Filter>
    </ClInclude>
    <ClInclude Include="GUITextBox.h">
      <Filter>Header Files\Resources\Objects\GUIObjects</Filter>
    </ClInclude>
    <ClInclude Include="GUILayout.h">
      <Filter>Header Files\Resources\Objects\GUIObjects</Filter>
    </ClInclude>
    <ClInclude Include="IFileGUILoader.h">
      <Filter>Header Files\Resources\Loaders\FileLoaders\Interfaces</Filter>
    </ClInclude>
    <ClInclude Include="IGUILoader.h">
      <Filter>Header Files\Resources\Loaders\UILoaders</Filter>
    </ClInclude>
    <ClInclude Include="GUITextBoxLoader.h">
      <Filter>Header Files\Resources\Loaders\UILoaders</Filter>
    </ClInclude>
    <ClInclude Include="GUILayoutLoader.h">
      <Filter>Header Files\Resources\Loaders\UILoaders</Filter>
    </ClInclude>
    <ClInclude Include="I2DDrawer.h">
      <Filter>Header Files\Graphics\2D</Filter>
    </ClInclude>
    <ClInclude Include="Celestial2DDrawer.h">
      <Filter>Header Files\Graphics\2D</Filter>
    </ClInclude>
    <ClInclude Include="MessageQueue.h">
      <Filter>Header Files\CrossHandler-Tools\Messaging</Filter>
    </ClInclude>
    <ClInclude Include="IHandleMessages.h">
      <Filter>Header Files\CrossHandler-Tools\Messaging</Filter>
    </ClInclude>
    <ClInclude Include="ResourceLoader.h">
      <Filter>Header Files\Resources\Loaders</Filter>
    </ClInclude>
    <ClInclude Include="ResourceHandler.h">
      <Filter>Header Files\Resources</Filter>
    </ClInclude>
    <ClInclude Include="ResourceObject.h">
      <Filter>Header Files\Resources\Objects</Filter>
    </ClInclude>
    <ClInclude Include="Triggers.h">
      <Filter>Header Files\Resources\Objects\Triggers</Filter>
    </ClInclude>
    <ClInclude Include="IFileCLLoader.h">
      <Filter>Header Files\Resources\Loaders\FileLoaders\Interfaces</Filter>
    </ClInclude>
    <ClInclude Include="BaseObject.h">
      <Filter>Header Files\Resources\Objects</Filter>
    </ClInclude>
    <ClInclude Include="GUIObject.h">
      <Filter>Header Files\Resources\Objects\GUIObjects</Filter>
    </ClInclude>
    <ClInclude Include="GUIEntityHandler.h">
      <Filter>Header Files\Entities\Handlers</Filter>
    </ClInclude>
    <ClInclude Include="GameBoardHandler.h">
      <Filter>Header Files\Entities\Handlers</Filter>
    </ClInclude>
    <ClInclude Include="DrawingBoard.h">
      <Filter>Header Files\Entities\Objects</Filter>
    </ClInclude>
    <ClInclude Include="GameBoard.h">
      <Filter>Header Files\Resources\Objects</Filter>
    </ClInclude>
    <ClInclude Include="ObjectTree.h">
      <Filter>Header Files\CrossHandler-Tools\Container</Filter>
    </ClInclude>
    <ClInclude Include="BufferObj.h">
      <Filter>Header Files\CrossHandler-Tools\Buffer</Filter>
    </ClInclude>
    <ClInclude Include="BufferPoints.h">
      <Filter>Header Files\CrossHandler-Tools\Buffer</Filter>
    </ClInclude>
    <ClInclude Include="CameraObject.h">
      <Filter>Header Files\Resources\Objects</Filter>
    </ClInclude>
    <ClInclude Include="PositionableObject.h">
      <Filter>Header Files\Resources\Objects</Filter>
    </ClInclude>
    <ClInclude Include="ViewObject.h">
      <Filter>Header Files\Entities\Objects</Filter>
    </ClInclude>
    <ClInclude Include="GraphicalMesh.h">
      <Filter>Header Files\Graphics</Filter>
    </ClInclude>
    <ClInclude Include="ScreenTarget.h">
      <Filter>Header Files\Resources\Objects</Filter>
    </ClInclude>
    <ClInclude Include="CrossScriptMemoryObject.h">
      <Filter>Header Files\Resources\Objects</Filter>
    </ClInclude>
    <ClInclude Include="ImageResourceObject.h">
      <Filter>Header Files\CrossHandler-Tools\Image</Filter>
    </ClInclude>
    <ClInclude Include="GUIImage.h">
      <Filter>Header Files\Resources\Objects\GUIObjects</Filter>
    </ClInclude>
    <ClInclude Include="GUIImageLoader.h">
      <Filter>Header Files\Resources\Loaders\UILoaders</Filter>
    </ClInclude>
    <ClInclude Include="KeyCodes.h">
      <Filter>Header Files\Input</Filter>
    </ClInclude>
    <ClInclude Include="KeyTranslation.h">
      <Filter>Header Files</Filter>
    </ClInclude>
    <ClInclude Include="ScriptableObject.h">
      <Filter>Header Files\Resources\Objects</Filter>
    </ClInclude>
    <ClInclude Include="GridLoader.h">
      <Filter>Header Files\Resources\Loaders\ShapeLoaders</Filter>
    </ClInclude>
    <ClInclude Include="CursorCodes.h">
      <Filter>Header Files\Logic</Filter>
    </ClInclude>
    <ClInclude Include="GameObject.h">
      <Filter>Header Files\Resources\Objects\GameObjects</Filter>
    </ClInclude>
    <ClInclude Include="GameRouteObject.h">
      <Filter>Header Files\Resources\Objects\GameObjects</Filter>
    </ClInclude>
    <ClInclude Include="RouteNodeObject.h">
      <Filter>Header Files\Entities\Routing</Filter>
    </ClInclude>
    <ClInclude Include="GameTravelObject.h">
      <Filter>Header Files\Resources\Objects\GameObjects</Filter>
    </ClInclude>
    <ClInclude Include="CelMesh.h">
      <Filter>Header Files\Resources\Objects\MeshObjects</Filter>
    </ClInclude>
    <ClInclude Include="CLMSHFileLoader.h">
      <Filter>Header Files\Resources\Loaders\FileLoaders</Filter>
    </ClInclude>
    <ClInclude Include="SaveObject.h">
      <Filter>Header Files\Resources\Objects</Filter>
    </ClInclude>
    <ClInclude Include="SerializableObject.h">
      <Filter>Header Files\Resources\Objects</Filter>
    </ClInclude>
    <ClInclude Include="ResourceDictionary.h">
      <Filter>Header Files\Resources\Objects\Container</Filter>
    </ClInclude>
    <ClInclude Include="CLSVLoader.h">
      <Filter>Header Files\Resources\Loaders\FileLoaders</Filter>
    </ClInclude>
    <ClInclude Include="Dictionary.h">
      <Filter>Header Files\CrossHandler-Tools\Container</Filter>
    </ClInclude>
    <ClInclude Include="Route.h">
      <Filter>Header Files\Entities\Routing</Filter>
    </ClInclude>
    <ClInclude Include="MouseHandler.h">
      <Filter>Header Files\Entities\Handlers</Filter>
    </ClInclude>
    <ClInclude Include="KubLingMachine.h">
      <Filter>Header Files\Logic\CelScript\RunTime</Filter>
    </ClInclude>
    <ClInclude Include="HeapMemory.h">
      <Filter>Header Files\Logic\CelScript\RunTime</Filter>
    </ClInclude>
    <ClInclude Include="KubLingRuntime.h">
      <Filter>Header Files\Logic\CelScript\RunTime</Filter>
    </ClInclude>
    <ClInclude Include="KubLingBinLoader.h">
      <Filter>Header Files\Resources\Loaders\FileLoaders</Filter>
    </ClInclude>
    <ClInclude Include="KubLingSourceLoader.h">
      <Filter>Header Files\Resources\Loaders\FileLoaders</Filter>
    </ClInclude>
    <ClInclude Include="KubLingRaw.h">
      <Filter>Header Files\Resources\Objects\KubLing</Filter>
    </ClInclude>
    <ClInclude Include="HeapMemContainer.h">
      <Filter>Header Files\Resources\Objects\KubLing</Filter>
    </ClInclude>
    <ClInclude Include="KubLingMachineHandler.h">
      <Filter>Header Files\Logic\CelScript\RunTime</Filter>
    </ClInclude>
    <ClInclude Include="Project Celestial.h">
      <Filter>Header Files\Logic\CelScript</Filter>
    </ClInclude>
    <ClInclude Include="TaskObject.h">
      <Filter>Header Files\Resources\Objects\TaskObjects</Filter>
    </ClInclude>
    <ClInclude Include="KubLingHandler.h">
      <Filter>Header Files\Logic\CelScript</Filter>
    </ClInclude>
    <ClInclude Include="ITaskManager.h">
      <Filter>Header Files\Tasking\SubHandlers</Filter>
    </ClInclude>
    <ClInclude Include="SystemTaskHandler.h">
      <Filter>Header Files\Tasking\SubHandlers</Filter>
    </ClInclude>
    <ClInclude Include="TaskHandler.h">
      <Filter>Header Files\Tasking</Filter>
    </ClInclude>
    <ClInclude Include="ClockTaskHandler.h">
      <Filter>Header Files\Tasking\SubHandlers</Filter>
    </ClInclude>
    <ClInclude Include="KubLingLabel.h">
      <Filter>Header Files\Resources\Objects\KubLing</Filter>
    </ClInclude>
    <ClInclude Include="MessageBuffer.h">
      <Filter>Header Files\CrossHandler-Tools\Messaging</Filter>
    </ClInclude>
    <ClInclude Include="GameGridObject.h">
      <Filter>Header Files\Resources\Objects\GameObjects</Filter>
    </ClInclude>
    <ClInclude Include="NodeGroup.h">
      <Filter>Header Files\Entities\Routing</Filter>
    </ClInclude>
    <ClInclude Include="PathFinder.h">
      <Filter>Header Files\Entities\Routing</Filter>
    </ClInclude>
    <ClInclude Include="RoutingManager.h">
      <Filter>Header Files\Entities\Routing\Managers</Filter>
    </ClInclude>
    <ClInclude Include="TravelManager.h">
      <Filter>Header Files\Entities\Routing\Managers</Filter>
    </ClInclude>
    <ClInclude Include="SplitManager.h">
      <Filter>Header Files\Entities\Routing\Managers</Filter>
    </ClInclude>
    <ClInclude Include="RoutingBase.h">
      <Filter>Header Files\Entities\Routing\Managers</Filter>
    </ClInclude>
  </ItemGroup>
  <ItemGroup>
    <ClCompile Include="Camera.cpp">
      <Filter>Source Files\CrossHandler-Tools\Camera</Filter>
    </ClCompile>
    <ClCompile Include="UnderCamera.cpp">
      <Filter>Source Files\CrossHandler-Tools\Camera</Filter>
    </ClCompile>
    <ClCompile Include="BoundingBox.cpp">
      <Filter>Source Files\CrossHandler-Tools\Bounding\Shapes</Filter>
    </ClCompile>
    <ClCompile Include="BoundingSphere.cpp">
      <Filter>Source Files\CrossHandler-Tools\Bounding\Shapes</Filter>
    </ClCompile>
    <ClCompile Include="BoundingPlane.cpp">
      <Filter>Source Files\CrossHandler-Tools\Bounding</Filter>
    </ClCompile>
    <ClCompile Include="CardHandler.cpp">
      <Filter>Source Files\Graphics</Filter>
    </ClCompile>
    <ClCompile Include="GraphicHandler.cpp">
      <Filter>Source Files\Graphics</Filter>
    </ClCompile>
    <ClCompile Include="InputHandler.cpp">
      <Filter>Source Files\Input</Filter>
    </ClCompile>
    <ClCompile Include="Overlord.cpp">
      <Filter>Source Files\Logic</Filter>
    </ClCompile>
    <ClCompile Include="MTLFileLoader.cpp">
      <Filter>Source Files\Resources\Loaders\FileLoaders</Filter>
    </ClCompile>
    <ClCompile Include="OBJFileLoader.cpp">
      <Filter>Source Files\Resources\Loaders\FileLoaders</Filter>
    </ClCompile>
    <ClCompile Include="MeshObject.cpp">
      <Filter>Source Files\Resources\Objects\MeshObject</Filter>
    </ClCompile>
    <ClCompile Include="CelestialBufferHandler.cpp">
      <Filter>Source Files\Graphics\Buffers</Filter>
    </ClCompile>
    <ClCompile Include="CelestialShader.cpp">
      <Filter>Source Files\Graphics\Shaders</Filter>
    </ClCompile>
    <ClCompile Include="TRNFileLoader.cpp">
      <Filter>Source Files\Resources\Loaders\FileLoaders</Filter>
    </ClCompile>
    <ClCompile Include="BoxedBool.cpp">
      <Filter>Source Files\CrossHandler-Tools</Filter>
    </ClCompile>
    <ClCompile Include="Frustum.cpp">
      <Filter>Source Files\CrossHandler-Tools</Filter>
    </ClCompile>
    <ClCompile Include="LightParticleEmitter.cpp">
      <Filter>Source Files\Resources\Objects\Particle</Filter>
    </ClCompile>
    <ClCompile Include="Particle.cpp">
      <Filter>Source Files\Resources\Objects\Particle</Filter>
    </ClCompile>
    <ClCompile Include="ParticleEmitterInstance.cpp">
      <Filter>Source Files\Resources\Objects\Particle</Filter>
    </ClCompile>
    <ClCompile Include="PlaneLoader.cpp">
      <Filter>Source Files\Resources\Loaders\ShapeLoaders</Filter>
    </ClCompile>
    <ClCompile Include="BufferObject.cpp">
      <Filter>Source Files\CrossHandler-Tools\Buffers</Filter>
    </ClCompile>
    <ClCompile Include="DXBufferObject.cpp">
      <Filter>Source Files\CrossHandler-Tools\Buffers</Filter>
    </ClCompile>
    <ClCompile Include="CameraFrame.cpp">
      <Filter>Source Files\CrossHandler-Tools\Camera</Filter>
    </ClCompile>
    <ClCompile Include="DXTextureResource.cpp">
      <Filter>Source Files\CrossHandler-Tools\Texture</Filter>
    </ClCompile>
    <ClCompile Include="TextureResourceObject.cpp">
      <Filter>Source Files\CrossHandler-Tools\Texture</Filter>
    </ClCompile>
    <ClCompile Include="DXTextureResourceViews.cpp">
      <Filter>Source Files\CrossHandler-Tools\Texture</Filter>
    </ClCompile>
    <ClCompile Include="ShaderContainer.cpp">
      <Filter>Source Files\Graphics\Shaders</Filter>
    </ClCompile>
    <ClCompile Include="CelestialMath.cpp">
      <Filter>Source Files\CelestialMath</Filter>
    </ClCompile>
    <ClCompile Include="TextureHandler.cpp">
      <Filter>Source Files\Resources</Filter>
    </ClCompile>
    <ClCompile Include="ImageFileLoader.cpp">
      <Filter>Source Files\Resources\Loaders\FileLoaders</Filter>
    </ClCompile>
    <ClCompile Include="DrawScene.cpp">
      <Filter>Source Files\Graphics</Filter>
    </ClCompile>
    <ClCompile Include="LogicScene.cpp">
      <Filter>Source Files\Logic</Filter>
    </ClCompile>
    <ClCompile Include="TerrainObject.cpp">
      <Filter>Source Files\Resources\Terrain</Filter>
    </ClCompile>
    <ClCompile Include="TerrainMesh.cpp">
      <Filter>Source Files\Resources\Terrain</Filter>
    </ClCompile>
    <ClCompile Include="PointLight.cpp">
      <Filter>Source Files\Resources\Objects\Lights</Filter>
    </ClCompile>
    <ClCompile Include="ResourceContainer.cpp">
      <Filter>Source Files\Resources\Objects\Container</Filter>
    </ClCompile>
    <ClCompile Include="ColourLoader.cpp">
      <Filter>Source Files\Resources\Loaders</Filter>
    </ClCompile>
    <ClCompile Include="CommonParticle.cpp">
      <Filter>Source Files\Resources\Objects\Particle</Filter>
    </ClCompile>
    <ClCompile Include="SkyboxParticle.cpp">
      <Filter>Source Files\Resources\Objects\Particle</Filter>
    </ClCompile>
    <ClCompile Include="ShadowMapConstants.cpp">
      <Filter>Source Files\Graphics\Lights</Filter>
    </ClCompile>
    <ClCompile Include="Project Celestial.cpp">
      <Filter>Source Files</Filter>
    </ClCompile>
    <ClCompile Include="stdafx.cpp">
      <Filter>Source Files</Filter>
    </ClCompile>
    <ClCompile Include="GUITextBox.cpp">
      <Filter>Source Files\Resources\Objects\GUIObjects</Filter>
    </ClCompile>
    <ClCompile Include="GUILayout.cpp">
      <Filter>Source Files\Resources\Objects\GUIObjects</Filter>
    </ClCompile>
    <ClCompile Include="GUITextBoxLoader.cpp">
      <Filter>Source Files\Resources\Loaders\UILoaders</Filter>
    </ClCompile>
    <ClCompile Include="GUILayoutLoader.cpp">
      <Filter>Source Files\Resources\Loaders\UILoaders</Filter>
    </ClCompile>
    <ClCompile Include="Celestial2DDrawer.cpp">
      <Filter>Source Files\Graphics\2D</Filter>
    </ClCompile>
    <ClCompile Include="MessageQueue.cpp">
      <Filter>Source Files\CrossHandler-Tools\Messaging</Filter>
    </ClCompile>
    <ClCompile Include="IHandleMessages.cpp">
      <Filter>Source Files\CrossHandler-Tools\Messaging</Filter>
    </ClCompile>
    <ClCompile Include="ResourceLoader.cpp">
      <Filter>Source Files\Resources\Loaders</Filter>
    </ClCompile>
    <ClCompile Include="ResourceHandler.cpp">
      <Filter>Source Files\Resources</Filter>
    </ClCompile>
    <ClCompile Include="ResourceObject.cpp">
      <Filter>Source Files\Resources\Objects</Filter>
    </ClCompile>
    <ClCompile Include="GUIObject.cpp">
      <Filter>Source Files\Resources\Objects\GUIObjects</Filter>
    </ClCompile>
    <ClCompile Include="BaseObject.cpp">
      <Filter>Source Files\Resources\Objects</Filter>
    </ClCompile>
    <ClCompile Include="ObjectTree.cpp">
      <Filter>Source Files\CrossHandler-Tools\Container</Filter>
    </ClCompile>
    <ClCompile Include="DrawingBoard.cpp">
      <Filter>Source Files\Entities\Objects</Filter>
    </ClCompile>
    <ClCompile Include="GUIEntityHandler.cpp">
      <Filter>Source Files\Entities\Handlers</Filter>
    </ClCompile>
    <ClCompile Include="GameBoardHandler.cpp">
      <Filter>Source Files\Entities\Handlers</Filter>
    </ClCompile>
    <ClCompile Include="PositionableObject.cpp">
      <Filter>Source Files\Resources\Objects</Filter>
    </ClCompile>
    <ClCompile Include="ViewObject.cpp">
      <Filter>Source Files\Entities\Objects</Filter>
    </ClCompile>
    <ClCompile Include="CameraObject.cpp">
      <Filter>Source Files\Resources\Objects</Filter>
    </ClCompile>
    <ClCompile Include="GraphicalMesh.cpp">
      <Filter>Source Files\Graphics</Filter>
    </ClCompile>
    <ClCompile Include="ScreenTarget.cpp">
      <Filter>Source Files\Resources\Objects</Filter>
    </ClCompile>
    <ClCompile Include="CrossScriptMemoryObject.cpp">
      <Filter>Source Files\Resources\Objects</Filter>
    </ClCompile>
    <ClCompile Include="ImageResourceObject.cpp">
      <Filter>Source Files\CrossHandler-Tools\Image</Filter>
    </ClCompile>
    <ClCompile Include="GUIImage.cpp">
      <Filter>Source Files\Resources\Objects\GUIObjects</Filter>
    </ClCompile>
    <ClCompile Include="GUIImageLoader.cpp">
      <Filter>Source Files\Resources\Loaders\UILoaders</Filter>
    </ClCompile>
    <ClCompile Include="ScriptableObject.cpp">
      <Filter>Source Files\Resources\Objects</Filter>
    </ClCompile>
    <ClCompile Include="GridLoader.cpp">
      <Filter>Source Files\Resources\Loaders\ShapeLoaders</Filter>
    </ClCompile>
    <ClCompile Include="GameRouteObject.cpp">
      <Filter>Source Files\Resources\Objects\GameObjects</Filter>
    </ClCompile>
    <ClCompile Include="GameObject.cpp">
      <Filter>Source Files\Resources\Objects\GameObjects</Filter>
    </ClCompile>
    <ClCompile Include="GameBoard.cpp">
      <Filter>Source Files\Resources\Objects</Filter>
    </ClCompile>
    <ClCompile Include="RouteNodeObject.cpp">
      <Filter>Source Files\Entities\Routing</Filter>
    </ClCompile>
    <ClCompile Include="GameTravelObject.cpp">
      <Filter>Source Files\Resources\Objects\GameObjects</Filter>
    </ClCompile>
    <ClCompile Include="CLMSHFileLoader.cpp">
      <Filter>Source Files\Resources\Loaders\FileLoaders</Filter>
    </ClCompile>
    <ClCompile Include="CelMesh.cpp">
      <Filter>Source Files\Resources\Objects\MeshObject</Filter>
    </ClCompile>
    <ClCompile Include="SaveObject.cpp">
      <Filter>Source Files\Resources\Objects</Filter>
    </ClCompile>
    <ClCompile Include="ResourceDictionary.cpp">
      <Filter>Source Files\Resources\Objects\Container</Filter>
    </ClCompile>
    <ClCompile Include="CLSVLoader.cpp">
      <Filter>Source Files\Resources\Loaders\FileLoaders</Filter>
    </ClCompile>
    <ClCompile Include="Dictionary.cpp">
      <Filter>Source Files\CrossHandler-Tools\Container</Filter>
    </ClCompile>
    <ClCompile Include="Route.cpp">
      <Filter>Source Files\Entities\Routing</Filter>
    </ClCompile>
    <ClCompile Include="MouseHandler.cpp">
      <Filter>Source Files\Entities\Handlers</Filter>
    </ClCompile>
    <ClCompile Include="KubLingMachine.cpp">
      <Filter>Source Files\Logic\CelScript\CelScriptRuntime</Filter>
    </ClCompile>
    <ClCompile Include="HeapMemory.cpp">
      <Filter>Source Files\Logic\CelScript\CelScriptRuntime</Filter>
    </ClCompile>
    <ClCompile Include="KubLingBinLoader.cpp">
      <Filter>Source Files\Resources\Loaders\FileLoaders</Filter>
    </ClCompile>
    <ClCompile Include="KubLingSourceLoader.cpp">
      <Filter>Source Files\Resources\Loaders\FileLoaders</Filter>
    </ClCompile>
    <ClCompile Include="KubLingRaw.cpp">
      <Filter>Source Files\Resources\Objects\KubLing</Filter>
    </ClCompile>
    <ClCompile Include="KubLingLabel.cpp">
      <Filter>Source Files\Resources\Objects\KubLing</Filter>
    </ClCompile>
    <ClCompile Include="HeapMemContainer.cpp">
      <Filter>Source Files\Resources\Objects\KubLing</Filter>
    </ClCompile>
    <ClCompile Include="KubLingHandler.cpp">
      <Filter>Source Files\Logic\CelScript</Filter>
    </ClCompile>
    <ClCompile Include="KubLingMachineHandler.cpp">
      <Filter>Source Files\Logic\CelScript\CelScriptRuntime</Filter>
    </ClCompile>
    <ClCompile Include="KeyCodes.cpp">
      <Filter>Source Files\Input</Filter>
    </ClCompile>
    <ClCompile Include="TaskObject.cpp">
      <Filter>Source Files\Resources\Objects\TaskObjects</Filter>
    </ClCompile>
    <ClCompile Include="ITaskManager.cpp">
      <Filter>Source Files\Tasking\SubHandlers</Filter>
    </ClCompile>
    <ClCompile Include="SystemTaskHandler.cpp">
      <Filter>Source Files\Tasking\SubHandlers</Filter>
    </ClCompile>
    <ClCompile Include="TaskHandler.cpp">
      <Filter>Source Files\Tasking</Filter>
    </ClCompile>
    <ClCompile Include="ClockTaskHandler.cpp">
      <Filter>Source Files\Tasking\SubHandlers</Filter>
    </ClCompile>
    <ClCompile Include="MessageBuffer.cpp">
      <Filter>Source Files\CrossHandler-Tools\Messaging</Filter>
    </ClCompile>
    <ClCompile Include="GameGridObject.cpp">
      <Filter>Source Files\Resources\Objects\GameObjects</Filter>
    </ClCompile>
    <ClCompile Include="NodeGroup.cpp">
      <Filter>Source Files\Entities\Routing</Filter>
    </ClCompile>
    <ClCompile Include="PathFinder.cpp">
      <Filter>Source Files\Entities\Routing</Filter>
    </ClCompile>
    <ClCompile Include="RoutingManager.cpp">
      <Filter>Source Files\Entities\Routing\Manager</Filter>
    </ClCompile>
    <ClCompile Include="TravelManager.cpp">
      <Filter>Source Files\Entities\Routing\Manager</Filter>
    </ClCompile>
    <ClCompile Include="SplitManager.cpp">
      <Filter>Source Files\Entities\Routing\Manager</Filter>
    </ClCompile>
  </ItemGroup>
  <ItemGroup>
    <Image Include="small.ico">
      <Filter>Resource Files</Filter>
    </Image>
    <Image Include="ProjectCelestial.ico">
      <Filter>Resource Files</Filter>
    </Image>
    <Image Include="NewTennisBallColor.jpg">
      <Filter>Source Files</Filter>
    </Image>
    <Image Include="NewTennisBallNormals.bmp">
      <Filter>Source Files</Filter>
    </Image>
    <Image Include="NewTennisBallHeight.png">
      <Filter>Source Files</Filter>
    </Image>
    <Image Include="heightmap.jpg">
      <Filter>Source Files</Filter>
    </Image>
    <Image Include="heightmap.bmp">
      <Filter>Source Files</Filter>
    </Image>
    <Image Include="SkyMapTest1.png">
      <Filter>Source Files</Filter>
    </Image>
    <Image Include="Texture1.png">
      <Filter>Source Files</Filter>
    </Image>
    <Image Include="Content\Splash.gif">
      <Filter>Resource Files\Content</Filter>
    </Image>
    <Image Include="Celestial.ico">
      <Filter>Resource Files\Content</Filter>
    </Image>
  </ItemGroup>
  <ItemGroup>
    <None Include="..\d3dcompiler_46.dll">
      <Filter>Source Files</Filter>
    </None>
    <None Include="Frust.obj" />
    <None Include="shaders.hlsl">
      <Filter>Source Files\Resources\Shaders</Filter>
    </None>
    <None Include="Shaders_Debug.hlsl">
      <Filter>Source Files\Resources\Shaders</Filter>
    </None>
    <None Include="Shaders_Geometry.hlsl">
      <Filter>Source Files\Resources\Shaders</Filter>
    </None>
    <None Include="Shaders_Light.hlsl">
      <Filter>Source Files\Resources\Shaders</Filter>
    </None>
    <None Include="Shaders_Shadows.hlsl">
      <Filter>Source Files\Resources\Shaders</Filter>
    </None>
    <None Include="Shaders_Screen.hlsl">
      <Filter>Source Files\Resources\Shaders</Filter>
    </None>
    <None Include="Shaders_Particle.hlsl">
      <Filter>Source Files\Resources\Shaders</Filter>
    </None>
    <None Include="Shaders_PreDraw.hlsl">
      <Filter>Source Files\Resources\Shaders</Filter>
    </None>
    <None Include="Shaders_Registers.hlsli">
      <Filter>Source Files\Resources\Shaders</Filter>
    </None>
    <None Include="plane.obj">
      <Filter>Source Files</Filter>
    </None>
    <None Include="Tennisboll.mtl">
      <Filter>Source Files</Filter>
    </None>
    <None Include="Tennisboll.obj">
      <Filter>Source Files</Filter>
    </None>
    <None Include="Terrain.mtl">
      <Filter>Source Files</Filter>
    </None>
    <None Include="Terrain.trn">
      <Filter>Source Files</Filter>
    </None>
    <None Include="Testball.fbx">
      <Filter>Source Files</Filter>
    </None>
    <None Include="TestScript.celsrc">
      <Filter>Source Files</Filter>
    </None>
    <None Include="ErrorTest.celsrc">
      <Filter>Source Files</Filter>
    </None>
    <None Include="testBin.celbin">
      <Filter>Source Files</Filter>
    </None>
    <None Include="ClassDiagram.cd" />
    <None Include="Content\Scripts\Root.celsrc">
      <Filter>Resource Files\Content\Scripts</Filter>
    </None>
    <None Include="Content\Scripts\CameraScripts\CameraPanning.celsrc">
      <Filter>Resource Files\Content\Scripts\CameraScripts</Filter>
    </None>
    <None Include="Content\Scripts\CameraScripts\CameraRotation.celsrc">
      <Filter>Resource Files\Content\Scripts\CameraScripts</Filter>
    </None>
    <None Include="Content\Scripts\CameraScripts\CameraZoom.celsrc">
      <Filter>Resource Files\Content\Scripts\CameraScripts</Filter>
    </None>
    <None Include="Content\Scripts\LoadScripts\LoadToolBar.celsrc">
      <Filter>Resource Files\Content\Scripts\LoadScripts</Filter>
    </None>
    <None Include="Content\Scripts\LoadScripts\LoadGameBoard.celsrc">
      <Filter>Resource Files\Content\Scripts\LoadScripts</Filter>
    </None>
    <None Include="Content\Scripts\ToolBarScripts\Button1UpDown.celsrc">
      <Filter>Resource Files\Content\Scripts\ToolBarScripts</Filter>
    </None>
    <None Include="Content\EndTile.clmsh">
      <Filter>Resource Files\Content</Filter>
    </None>
    <None Include="Content\Tile.clmsh">
      <Filter>Resource Files\Content</Filter>
    </None>
    <None Include="Content\Plane1.clmsh">
      <Filter>Resource Files\Content</Filter>
    </None>
    <None Include="Content\Scripts\ObjectScripts\NodeArrive.celsrc">
      <Filter>Resource Files\Content\Scripts\ObjectScripts</Filter>
    </None>
    <None Include="Content\Scripts\LoadScripts\LoadScripts.celsrc">
      <Filter>Resource Files\Content\Scripts\LoadScripts</Filter>
    </None>
    <None Include="saves\save1.clsv" />
    <None Include="saves\save2.clsv" />
    <None Include="saves\save3.clsv" />
    <None Include="Content\Scripts\ToolBarScripts\PauseButtonClick.celsrc">
      <Filter>Resource Files\Content\Scripts\ToolBarScripts</Filter>
    </None>
    <None Include="Content\Scripts\PreLoad.celsrc">
      <Filter>Resource Files\Content\Scripts</Filter>
    </None>
    <None Include="Content\Scripts\HelpScripts\Keys.celsrc">
      <Filter>Resource Files\Content\Scripts\HelpScripts</Filter>
    </None>
    <None Include="Content\Scripts\KeyScripts\ToggleDbg.celsrc">
      <Filter>Resource Files\Content\Scripts\KeyScripts</Filter>
    </None>
    <None Include="Content\Scripts\TaskScripts\DebugUpdater.celsrc">
      <Filter>Resource Files\Content\Scripts\TaskScripts</Filter>
    </None>
    <None Include="Content\Scripts\LoadScripts\LoadDebug.celsrc">
      <Filter>Resource Files\Content\Scripts\LoadScripts</Filter>
    </None>
    <None Include="Content\Scripts\TaskScripts\ClockUpdater.celsrc">
      <Filter>Resource Files\Content\Scripts\TaskScripts</Filter>
    </None>
    <None Include="Content\Scripts\TaskScripts\ClockTest.celsrc">
      <Filter>Resource Files\Content\Scripts\TaskScripts</Filter>
    </None>
    <None Include="Content\Scripts\ToolBarScripts\TaxiWayClick.celsrc">
      <Filter>Resource Files\Content\Scripts\ToolBarScripts</Filter>
    </None>
    <None Include="Content\Scripts\ToolBarScripts\LoadClick.celsrc">
      <Filter>Resource Files\Content\Scripts\ToolBarScripts</Filter>
    </None>
    <None Include="Content\Scripts\ToolBarScripts\SaveClick.celsrc">
      <Filter>Resource Files\Content\Scripts\ToolBarScripts</Filter>
    </None>
    <None Include="Content\Scripts\ToolBarScripts\SpawnClick.celsrc">
      <Filter>Resource Files\Content\Scripts\ToolBarScripts</Filter>
    </None>
    <None Include="Content\Scripts\ToolBarScripts\RunWayClick.celsrc">
      <Filter>Resource Files\Content\Scripts\ToolBarScripts</Filter>
    </None>
    <None Include="Content\Scripts\ObjectScripts\TaxiwaySplit.celsrc">
      <Filter>Resource Files\Content\Scripts\ObjectScripts</Filter>
    </None>
    <None Include="Content\Scripts\ToolBarScripts\ApronButtonClick.celsrc">
      <Filter>Resource Files\Content\Scripts\ToolBarScripts</Filter>
    </None>
    <None Include="Content\Scripts\ToolBarScripts\GhostClicks\ApronGhostClick.celsrc">
      <Filter>Resource Files\Content\Scripts\ToolBarScripts\GhostClicks</Filter>
    </None>
    <None Include="Content\Scripts\ToolBarScripts\GhostClicks\RunWayGhostClick.celsrc">
      <Filter>Resource Files\Content\Scripts\ToolBarScripts\GhostClicks</Filter>
    </None>
    <None Include="Content\Scripts\ToolBarScripts\GhostClicks\TaxiWayGhostClick.celsrc">
      <Filter>Resource Files\Content\Scripts\ToolBarScripts\GhostClicks</Filter>
    </None>
    <None Include="Content\Terminal.clmsh">
      <Filter>Resource Files\Content</Filter>
    </None>
    <None Include="Content\Scripts\ToolBarScripts\TerminalClick.celsrc">
      <Filter>Resource Files\Content\Scripts\ToolBarScripts</Filter>
    </None>
    <None Include="Content\Scripts\ToolBarScripts\GhostClicks\TerminalGhostClick.celsrc">
      <Filter>Resource Files\Content\Scripts\ToolBarScripts\GhostClicks</Filter>
    </None>
    <None Include="Content\Airbridge.clmsh">
      <Filter>Resource Files\Content</Filter>
    </None>
    <None Include="Content\Scripts\ToolBarScripts\GhostClicks\AirBridgeGhostClick.celsrc">
      <Filter>Resource Files\Content\Scripts\ToolBarScripts\GhostClicks</Filter>
    </None>
    <None Include="Content\Scripts\ToolBarScripts\AirBridgeClick.celsrc">
      <Filter>Resource Files\Content\Scripts\ToolBarScripts</Filter>
    </None>
    <None Include="Content\Scripts\ObjectScripts\DeleteScript.celsrc">
      <Filter>Resource Files\Content\Scripts\ObjectScripts</Filter>
    </None>
    <None Include="Content\Scripts\ToolBarScripts\DeleteButtonClick.celsrc">
      <Filter>Resource Files\Content\Scripts\ToolBarScripts</Filter>
    </None>
  </ItemGroup>
  <ItemGroup>
    <ResourceCompile Include="Project Celestial.rc">
      <Filter>Resource Files</Filter>
    </ResourceCompile>
  </ItemGroup>
  <ItemGroup>
    <Object Include="Tile.obj">
      <Filter>Source Files</Filter>
    </Object>
  </ItemGroup>
  <ItemGroup>
    <Text Include="Content\Scripts\ToolBarScripts\GhostClicks\TerminalGhostMiddleClick.celsrc">
      <Filter>Resource Files\Content\Scripts\ToolBarScripts\GhostClicks</Filter>
    </Text>
  </ItemGroup>
</Project>